
Microsoft Visual Studio Solution File, Format Version 12.00
# Visual Studio Version 16
VisualStudioVersion = 16.0.29409.12
MinimumVisualStudioVersion = 10.0.40219.1
Project("{FAE04EC0-301F-11D3-BF4B-00C04F79EFBC}") = "GrabData", "src\GrabData\GrabData.csproj", "{EBA55E8E-660B-4765-B3A1-4483D157AFFB}"
EndProject
Global
	GlobalSection(SolutionConfigurationPlatforms) = preSolution
		Debug|Any CPU = Debug|Any CPU
		Release|Any CPU = Release|Any CPU
	EndGlobalSection
	GlobalSection(ProjectConfigurationPlatforms) = postSolution
		{EBA55E8E-660B-4765-B3A1-4483D157AFFB}.Debug|Any CPU.ActiveCfg = Debug|Any CPU
		{EBA55E8E-660B-4765-B3A1-4483D157AFFB}.Debug|Any CPU.Build.0 = Debug|Any CPU
		{EBA55E8E-660B-4765-B3A1-4483D157AFFB}.Release|Any CPU.ActiveCfg = Release|Any CPU
		{EBA55E8E-660B-4765-B3A1-4483D157AFFB}.Release|Any CPU.Build.0 = Release|Any CPU
	EndGlobalSection
	GlobalSection(SolutionProperties) = preSolution
		HideSolutionNode = FALSE
	EndGlobalSection
	GlobalSection(ExtensibilityGlobals) = postSolution
		SolutionGuid = {10B14EEB-869E-48FE-8BDE-E792A9A71A8F}
	EndGlobalSection
EndGlobal
